
Microsoft Visual Studio Solution File, Format Version 12.00
# Visual Studio Version 17
VisualStudioVersion = 17.0.32014.148
MinimumVisualStudioVersion = 10.0.40219.1
Project("{FAE04EC0-301F-11D3-BF4B-00C04F79EFBC}") = "SchoolForms", "SchoolForms\SchoolForms.csproj", "{F61F518C-595C-4C3A-9C43-6DDE691D2397}"
EndProject
Global
	GlobalSection(SolutionConfigurationPlatforms) = preSolution
		Debug|Any CPU = Debug|Any CPU
		Release|Any CPU = Release|Any CPU
	EndGlobalSection
	GlobalSection(ProjectConfigurationPlatforms) = postSolution
		{F61F518C-595C-4C3A-9C43-6DDE691D2397}.Debug|Any CPU.ActiveCfg = Debug|Any CPU
		{F61F518C-595C-4C3A-9C43-6DDE691D2397}.Debug|Any CPU.Build.0 = Debug|Any CPU
		{F61F518C-595C-4C3A-9C43-6DDE691D2397}.Release|Any CPU.ActiveCfg = Release|Any CPU
		{F61F518C-595C-4C3A-9C43-6DDE691D2397}.Release|Any CPU.Build.0 = Release|Any CPU
	EndGlobalSection
	GlobalSection(SolutionProperties) = preSolution
		HideSolutionNode = FALSE
	EndGlobalSection
	GlobalSection(ExtensibilityGlobals) = postSolution
		SolutionGuid = {138CDB33-BCFF-4C79-B79D-9D6DB641CA17}
	EndGlobalSection
EndGlobal
